// !$*UTF8*$!
{
	archiveVersion = 1;
	classes = {
	};
	objectVersion = 55;
	objects = {

/* Begin PBXBuildFile section */
		83C3E3E8299200DD0033BCC3 /* AppDelegate.swift in Sources */ = {isa = PBXBuildFile; fileRef = 83C3E3E7299200DD0033BCC3 /* AppDelegate.swift */; };
		83C3E3EA299200DD0033BCC3 /* SceneDelegate.swift in Sources */ = {isa = PBXBuildFile; fileRef = 83C3E3E9299200DD0033BCC3 /* SceneDelegate.swift */; };
		83C3E3EC299200DD0033BCC3 /* ViewController.swift in Sources */ = {isa = PBXBuildFile; fileRef = 83C3E3EB299200DD0033BCC3 /* ViewController.swift */; };
		83C3E3EF299200DD0033BCC3 /* Main.storyboard in Resources */ = {isa = PBXBuildFile; fileRef = 83C3E3ED299200DD0033BCC3 /* Main.storyboard */; };
		83C3E3F1299200DE0033BCC3 /* Assets.xcassets in Resources */ = {isa = PBXBuildFile; fileRef = 83C3E3F0299200DE0033BCC3 /* Assets.xcassets */; };
		83C3E3F4299200DE0033BCC3 /* LaunchScreen.storyboard in Resources */ = {isa = PBXBuildFile; fileRef = 83C3E3F2299200DE0033BCC3 /* LaunchScreen.storyboard */; };
		83C3E3FF299200DF0033BCC3 /* MyARAppTests.swift in Sources */ = {isa = PBXBuildFile; fileRef = 83C3E3FE299200DF0033BCC3 /* MyARAppTests.swift */; };
		83C3E409299200DF0033BCC3 /* MyARAppUITests.swift in Sources */ = {isa = PBXBuildFile; fileRef = 83C3E408299200DF0033BCC3 /* MyARAppUITests.swift */; };
		83C3E40B299200DF0033BCC3 /* MyARAppUITestsLaunchTests.swift in Sources */ = {isa = PBXBuildFile; fileRef = 83C3E40A299200DF0033BCC3 /* MyARAppUITestsLaunchTests.swift */; };
		83C3E424299200FF0033BCC3 /* ARResource.scnassets in Resources */ = {isa = PBXBuildFile; fileRef = 83C3E41D299200FF0033BCC3 /* ARResource.scnassets */; };
		83C3E461299226F00033BCC3 /* art.scnassets in Resources */ = {isa = PBXBuildFile; fileRef = 83C3E460299226F00033BCC3 /* art.scnassets */; };
		83D88A3029948F94001487F0 /* ARSCNVCNew.swift in Sources */ = {isa = PBXBuildFile; fileRef = 83D88A2529948F94001487F0 /* ARSCNVCNew.swift */; };
		83D88A3129948F94001487F0 /* ARSCNVC.xib in Resources */ = {isa = PBXBuildFile; fileRef = 83D88A2629948F94001487F0 /* ARSCNVC.xib */; };
		83D88A3229948F94001487F0 /* ARSCNVC.swift in Sources */ = {isa = PBXBuildFile; fileRef = 83D88A2729948F94001487F0 /* ARSCNVC.swift */; };
		83D88A3329948F94001487F0 /* ARSCNVCNew.xib in Resources */ = {isa = PBXBuildFile; fileRef = 83D88A2829948F94001487F0 /* ARSCNVCNew.xib */; };
		83D88A3429948F94001487F0 /* Scene.swift in Sources */ = {isa = PBXBuildFile; fileRef = 83D88A2B29948F94001487F0 /* Scene.swift */; };
		83D88A3529948F94001487F0 /* ghost.wav in Resources */ = {isa = PBXBuildFile; fileRef = 83D88A2C29948F94001487F0 /* ghost.wav */; };
		83D88A3629948F94001487F0 /* Scene.sks in Resources */ = {isa = PBXBuildFile; fileRef = 83D88A2D29948F94001487F0 /* Scene.sks */; };
		83D88A3729948F94001487F0 /* ARSKVC.swift in Sources */ = {isa = PBXBuildFile; fileRef = 83D88A2E29948F94001487F0 /* ARSKVC.swift */; };
		83D88A3829948F94001487F0 /* ARSKVC.xib in Resources */ = {isa = PBXBuildFile; fileRef = 83D88A2F29948F94001487F0 /* ARSKVC.xib */; };
		83D88ABD2994DEF1001487F0 /* RealityKitVC.swift in Sources */ = {isa = PBXBuildFile; fileRef = 83D88ABC2994DEF0001487F0 /* RealityKitVC.swift */; };
		83D88AF52994E091001487F0 /* ContainerCube.swift in Sources */ = {isa = PBXBuildFile; fileRef = 83D88ACA2994E091001487F0 /* ContainerCube.swift */; };
		83D88AF62994E091001487F0 /* RUILongTouchGestureRecognizer.swift in Sources */ = {isa = PBXBuildFile; fileRef = 83D88ACD2994E091001487F0 /* RUILongTouchGestureRecognizer.swift */; };
		83D88AF72994E091001487F0 /* RUIButton.swift in Sources */ = {isa = PBXBuildFile; fileRef = 83D88ACE2994E091001487F0 /* RUIButton.swift */; };
		83D88AF82994E091001487F0 /* RUISlider.swift in Sources */ = {isa = PBXBuildFile; fileRef = 83D88ACF2994E091001487F0 /* RUISlider.swift */; };
		83D88AF92994E091001487F0 /* HasRUI.swift in Sources */ = {isa = PBXBuildFile; fileRef = 83D88AD02994E091001487F0 /* HasRUI.swift */; };
		83D88AFA2994E091001487F0 /* RUISwitch.swift in Sources */ = {isa = PBXBuildFile; fileRef = 83D88AD12994E091001487F0 /* RUISwitch.swift */; };
		83D88AFB2994E091001487F0 /* HasClick.swift in Sources */ = {isa = PBXBuildFile; fileRef = 83D88AD22994E091001487F0 /* HasClick.swift */; };
		83D88AFC2994E091001487F0 /* RUIText.swift in Sources */ = {isa = PBXBuildFile; fileRef = 83D88AD32994E091001487F0 /* RUIText.swift */; };
		83D88AFD2994E091001487F0 /* RUIStepper.swift in Sources */ = {isa = PBXBuildFile; fileRef = 83D88AD42994E091001487F0 /* RUIStepper.swift */; };
		83D88AFE2994E091001487F0 /* RUIAnimations.swift in Sources */ = {isa = PBXBuildFile; fileRef = 83D88AD52994E091001487F0 /* RUIAnimations.swift */; };
		83D88AFF2994E091001487F0 /* HasTurnTouch.swift in Sources */ = {isa = PBXBuildFile; fileRef = 83D88AD62994E091001487F0 /* HasTurnTouch.swift */; };
		83D88B002994E091001487F0 /* RealityUI.swift in Sources */ = {isa = PBXBuildFile; fileRef = 83D88AD72994E091001487F0 /* RealityUI.swift */; };
		83D88B012994E091001487F0 /* ControlsParent.swift in Sources */ = {isa = PBXBuildFile; fileRef = 83D88AD82994E091001487F0 /* ControlsParent.swift */; };
		83D88B022994E091001487F0 /* xcschememanagement.plist in Resources */ = {isa = PBXBuildFile; fileRef = 83D88ADE2994E091001487F0 /* xcschememanagement.plist */; };
		83D88B032994E091001487F0 /* ViewController+RealityControls.swift in Sources */ = {isa = PBXBuildFile; fileRef = 83D88ADF2994E091001487F0 /* ViewController+RealityControls.swift */; };
		83D88B042994E091001487F0 /* Entity+Extensions.swift in Sources */ = {isa = PBXBuildFile; fileRef = 83D88AE02994E091001487F0 /* Entity+Extensions.swift */; };
		83D88B052994E091001487F0 /* button_light.gif in Resources */ = {isa = PBXBuildFile; fileRef = 83D88AE22994E091001487F0 /* button_light.gif */; };
		83D88B062994E091001487F0 /* RUIShake_phone_example.gif in Resources */ = {isa = PBXBuildFile; fileRef = 83D88AE32994E091001487F0 /* RUIShake_phone_example.gif */; };
		83D88B072994E091001487F0 /* RealityUI_pivot_key.gif in Resources */ = {isa = PBXBuildFile; fileRef = 83D88AE42994E091001487F0 /* RealityUI_pivot_key.gif */; };
		83D88B082994E091001487F0 /* slider_light.gif in Resources */ = {isa = PBXBuildFile; fileRef = 83D88AE52994E091001487F0 /* slider_light.gif */; };
		83D88B092994E091001487F0 /* RUISpin_star_example.gif in Resources */ = {isa = PBXBuildFile; fileRef = 83D88AE62994E091001487F0 /* RUISpin_star_example.gif */; };
		83D88B0A2994E091001487F0 /* switches_combined.gif in Resources */ = {isa = PBXBuildFile; fileRef = 83D88AE72994E091001487F0 /* switches_combined.gif */; };
		83D88B0B2994E091001487F0 /* RUIText_hello_example.gif in Resources */ = {isa = PBXBuildFile; fileRef = 83D88AE82994E091001487F0 /* RUIText_hello_example.gif */; };
		83D88B0C2994E091001487F0 /* stepper_light.gif in Resources */ = {isa = PBXBuildFile; fileRef = 83D88AE92994E091001487F0 /* stepper_light.gif */; };
		83D88B0D2994E091001487F0 /* RUIText_symbols_example.gif in Resources */ = {isa = PBXBuildFile; fileRef = 83D88AEA2994E091001487F0 /* RUIText_symbols_example.gif */; };
		83D88B0E2994E091001487F0 /* realityui_banner.gif in Resources */ = {isa = PBXBuildFile; fileRef = 83D88AEB2994E091001487F0 /* realityui_banner.gif */; };
/* End PBXBuildFile section */

/* Begin PBXContainerItemProxy section */
		83C3E3FB299200DF0033BCC3 /* PBXContainerItemProxy */ = {
			isa = PBXContainerItemProxy;
			containerPortal = 83C3E3DC299200DC0033BCC3 /* Project object */;
			proxyType = 1;
			remoteGlobalIDString = 83C3E3E3299200DD0033BCC3;
			remoteInfo = MyARApp;
		};
		83C3E405299200DF0033BCC3 /* PBXContainerItemProxy */ = {
			isa = PBXContainerItemProxy;
			containerPortal = 83C3E3DC299200DC0033BCC3 /* Project object */;
			proxyType = 1;
			remoteGlobalIDString = 83C3E3E3299200DD0033BCC3;
			remoteInfo = MyARApp;
		};
/* End PBXContainerItemProxy section */

/* Begin PBXFileReference section */
		83C3E3E4299200DD0033BCC3 /* MyARApp.app */ = {isa = PBXFileReference; explicitFileType = wrapper.application; includeInIndex = 0; path = MyARApp.app; sourceTree = BUILT_PRODUCTS_DIR; };
		83C3E3E7299200DD0033BCC3 /* AppDelegate.swift */ = {isa = PBXFileReference; lastKnownFileType = sourcecode.swift; path = AppDelegate.swift; sourceTree = "<group>"; };
		83C3E3E9299200DD0033BCC3 /* SceneDelegate.swift */ = {isa = PBXFileReference; lastKnownFileType = sourcecode.swift; path = SceneDelegate.swift; sourceTree = "<group>"; };
		83C3E3EB299200DD0033BCC3 /* ViewController.swift */ = {isa = PBXFileReference; lastKnownFileType = sourcecode.swift; path = ViewController.swift; sourceTree = "<group>"; };
		83C3E3EE299200DD0033BCC3 /* Base */ = {isa = PBXFileReference; lastKnownFileType = file.storyboard; name = Base; path = Base.lproj/Main.storyboard; sourceTree = "<group>"; };
		83C3E3F0299200DE0033BCC3 /* Assets.xcassets */ = {isa = PBXFileReference; lastKnownFileType = folder.assetcatalog; path = Assets.xcassets; sourceTree = "<group>"; };
		83C3E3F3299200DE0033BCC3 /* Base */ = {isa = PBXFileReference; lastKnownFileType = file.storyboard; name = Base; path = Base.lproj/LaunchScreen.storyboard; sourceTree = "<group>"; };
		83C3E3F5299200DE0033BCC3 /* Info.plist */ = {isa = PBXFileReference; lastKnownFileType = text.plist.xml; path = Info.plist; sourceTree = "<group>"; };
		83C3E3FA299200DF0033BCC3 /* MyARAppTests.xctest */ = {isa = PBXFileReference; explicitFileType = wrapper.cfbundle; includeInIndex = 0; path = MyARAppTests.xctest; sourceTree = BUILT_PRODUCTS_DIR; };
		83C3E3FE299200DF0033BCC3 /* MyARAppTests.swift */ = {isa = PBXFileReference; lastKnownFileType = sourcecode.swift; path = MyARAppTests.swift; sourceTree = "<group>"; };
		83C3E404299200DF0033BCC3 /* MyARAppUITests.xctest */ = {isa = PBXFileReference; explicitFileType = wrapper.cfbundle; includeInIndex = 0; path = MyARAppUITests.xctest; sourceTree = BUILT_PRODUCTS_DIR; };
		83C3E408299200DF0033BCC3 /* MyARAppUITests.swift */ = {isa = PBXFileReference; lastKnownFileType = sourcecode.swift; path = MyARAppUITests.swift; sourceTree = "<group>"; };
		83C3E40A299200DF0033BCC3 /* MyARAppUITestsLaunchTests.swift */ = {isa = PBXFileReference; lastKnownFileType = sourcecode.swift; path = MyARAppUITestsLaunchTests.swift; sourceTree = "<group>"; };
		83C3E41D299200FF0033BCC3 /* ARResource.scnassets */ = {isa = PBXFileReference; lastKnownFileType = wrapper.scnassets; path = ARResource.scnassets; sourceTree = "<group>"; };
		83C3E460299226F00033BCC3 /* art.scnassets */ = {isa = PBXFileReference; lastKnownFileType = wrapper.scnassets; path = art.scnassets; sourceTree = "<group>"; };
		83D88A2529948F94001487F0 /* ARSCNVCNew.swift */ = {isa = PBXFileReference; fileEncoding = 4; lastKnownFileType = sourcecode.swift; path = ARSCNVCNew.swift; sourceTree = "<group>"; };
		83D88A2629948F94001487F0 /* ARSCNVC.xib */ = {isa = PBXFileReference; fileEncoding = 4; lastKnownFileType = file.xib; path = ARSCNVC.xib; sourceTree = "<group>"; };
		83D88A2729948F94001487F0 /* ARSCNVC.swift */ = {isa = PBXFileReference; fileEncoding = 4; lastKnownFileType = sourcecode.swift; path = ARSCNVC.swift; sourceTree = "<group>"; };
		83D88A2829948F94001487F0 /* ARSCNVCNew.xib */ = {isa = PBXFileReference; fileEncoding = 4; lastKnownFileType = file.xib; path = ARSCNVCNew.xib; sourceTree = "<group>"; };
		83D88A2B29948F94001487F0 /* Scene.swift */ = {isa = PBXFileReference; fileEncoding = 4; lastKnownFileType = sourcecode.swift; path = Scene.swift; sourceTree = "<group>"; };
		83D88A2C29948F94001487F0 /* ghost.wav */ = {isa = PBXFileReference; lastKnownFileType = audio.wav; path = ghost.wav; sourceTree = "<group>"; };
		83D88A2D29948F94001487F0 /* Scene.sks */ = {isa = PBXFileReference; lastKnownFileType = file.sks; path = Scene.sks; sourceTree = "<group>"; };
		83D88A2E29948F94001487F0 /* ARSKVC.swift */ = {isa = PBXFileReference; fileEncoding = 4; lastKnownFileType = sourcecode.swift; path = ARSKVC.swift; sourceTree = "<group>"; };
		83D88A2F29948F94001487F0 /* ARSKVC.xib */ = {isa = PBXFileReference; fileEncoding = 4; lastKnownFileType = file.xib; path = ARSKVC.xib; sourceTree = "<group>"; };
		83D88ABC2994DEF0001487F0 /* RealityKitVC.swift */ = {isa = PBXFileReference; fileEncoding = 4; lastKnownFileType = sourcecode.swift; path = RealityKitVC.swift; sourceTree = "<group>"; };
		83D88ACA2994E091001487F0 /* ContainerCube.swift */ = {isa = PBXFileReference; fileEncoding = 4; lastKnownFileType = sourcecode.swift; path = ContainerCube.swift; sourceTree = "<group>"; };
		83D88ACD2994E091001487F0 /* RUILongTouchGestureRecognizer.swift */ = {isa = PBXFileReference; fileEncoding = 4; lastKnownFileType = sourcecode.swift; path = RUILongTouchGestureRecognizer.swift; sourceTree = "<group>"; };
		83D88ACE2994E091001487F0 /* RUIButton.swift */ = {isa = PBXFileReference; fileEncoding = 4; lastKnownFileType = sourcecode.swift; path = RUIButton.swift; sourceTree = "<group>"; };
		83D88ACF2994E091001487F0 /* RUISlider.swift */ = {isa = PBXFileReference; fileEncoding = 4; lastKnownFileType = sourcecode.swift; path = RUISlider.swift; sourceTree = "<group>"; };
		83D88AD02994E091001487F0 /* HasRUI.swift */ = {isa = PBXFileReference; fileEncoding = 4; lastKnownFileType = sourcecode.swift; path = HasRUI.swift; sourceTree = "<group>"; };
		83D88AD12994E091001487F0 /* RUISwitch.swift */ = {isa = PBXFileReference; fileEncoding = 4; lastKnownFileType = sourcecode.swift; path = RUISwitch.swift; sourceTree = "<group>"; };
		83D88AD22994E091001487F0 /* HasClick.swift */ = {isa = PBXFileReference; fileEncoding = 4; lastKnownFileType = sourcecode.swift; path = HasClick.swift; sourceTree = "<group>"; };
		83D88AD32994E091001487F0 /* RUIText.swift */ = {isa = PBXFileReference; fileEncoding = 4; lastKnownFileType = sourcecode.swift; path = RUIText.swift; sourceTree = "<group>"; };
		83D88AD42994E091001487F0 /* RUIStepper.swift */ = {isa = PBXFileReference; fileEncoding = 4; lastKnownFileType = sourcecode.swift; path = RUIStepper.swift; sourceTree = "<group>"; };
		83D88AD52994E091001487F0 /* RUIAnimations.swift */ = {isa = PBXFileReference; fileEncoding = 4; lastKnownFileType = sourcecode.swift; path = RUIAnimations.swift; sourceTree = "<group>"; };
		83D88AD62994E091001487F0 /* HasTurnTouch.swift */ = {isa = PBXFileReference; fileEncoding = 4; lastKnownFileType = sourcecode.swift; path = HasTurnTouch.swift; sourceTree = "<group>"; };
		83D88AD72994E091001487F0 /* RealityUI.swift */ = {isa = PBXFileReference; fileEncoding = 4; lastKnownFileType = sourcecode.swift; path = RealityUI.swift; sourceTree = "<group>"; };
		83D88AD82994E091001487F0 /* ControlsParent.swift */ = {isa = PBXFileReference; fileEncoding = 4; lastKnownFileType = sourcecode.swift; path = ControlsParent.swift; sourceTree = "<group>"; };
		83D88ADE2994E091001487F0 /* xcschememanagement.plist */ = {isa = PBXFileReference; fileEncoding = 4; lastKnownFileType = text.plist.xml; path = xcschememanagement.plist; sourceTree = "<group>"; };
		83D88ADF2994E091001487F0 /* ViewController+RealityControls.swift */ = {isa = PBXFileReference; fileEncoding = 4; lastKnownFileType = sourcecode.swift; path = "ViewController+RealityControls.swift"; sourceTree = "<group>"; };
		83D88AE02994E091001487F0 /* Entity+Extensions.swift */ = {isa = PBXFileReference; fileEncoding = 4; lastKnownFileType = sourcecode.swift; path = "Entity+Extensions.swift"; sourceTree = "<group>"; };
		83D88AE22994E091001487F0 /* button_light.gif */ = {isa = PBXFileReference; lastKnownFileType = image.gif; path = button_light.gif; sourceTree = "<group>"; };
		83D88AE32994E091001487F0 /* RUIShake_phone_example.gif */ = {isa = PBXFileReference; lastKnownFileType = image.gif; path = RUIShake_phone_example.gif; sourceTree = "<group>"; };
		83D88AE42994E091001487F0 /* RealityUI_pivot_key.gif */ = {isa = PBXFileReference; lastKnownFileType = image.gif; path = RealityUI_pivot_key.gif; sourceTree = "<group>"; };
		83D88AE52994E091001487F0 /* slider_light.gif */ = {isa = PBXFileReference; lastKnownFileType = image.gif; path = slider_light.gif; sourceTree = "<group>"; };
		83D88AE62994E091001487F0 /* RUISpin_star_example.gif */ = {isa = PBXFileReference; lastKnownFileType = image.gif; path = RUISpin_star_example.gif; sourceTree = "<group>"; };
		83D88AE72994E091001487F0 /* switches_combined.gif */ = {isa = PBXFileReference; lastKnownFileType = image.gif; path = switches_combined.gif; sourceTree = "<group>"; };
		83D88AE82994E091001487F0 /* RUIText_hello_example.gif */ = {isa = PBXFileReference; lastKnownFileType = image.gif; path = RUIText_hello_example.gif; sourceTree = "<group>"; };
		83D88AE92994E091001487F0 /* stepper_light.gif */ = {isa = PBXFileReference; lastKnownFileType = image.gif; path = stepper_light.gif; sourceTree = "<group>"; };
		83D88AEA2994E091001487F0 /* RUIText_symbols_example.gif */ = {isa = PBXFileReference; lastKnownFileType = image.gif; path = RUIText_symbols_example.gif; sourceTree = "<group>"; };
		83D88AEB2994E091001487F0 /* realityui_banner.gif */ = {isa = PBXFileReference; lastKnownFileType = image.gif; path = realityui_banner.gif; sourceTree = "<group>"; };
/* End PBXFileReference section */

/* Begin PBXFrameworksBuildPhase section */
		83C3E3E1299200DD0033BCC3 /* Frameworks */ = {
			isa = PBXFrameworksBuildPhase;
			buildActionMask = 2147483647;
			files = (
			);
			runOnlyForDeploymentPostprocessing = 0;
		};
		83C3E3F7299200DF0033BCC3 /* Frameworks */ = {
			isa = PBXFrameworksBuildPhase;
			buildActionMask = 2147483647;
			files = (
			);
			runOnlyForDeploymentPostprocessing = 0;
		};
		83C3E401299200DF0033BCC3 /* Frameworks */ = {
			isa = PBXFrameworksBuildPhase;
			buildActionMask = 2147483647;
			files = (
			);
			runOnlyForDeploymentPostprocessing = 0;
		};
/* End PBXFrameworksBuildPhase section */

/* Begin PBXGroup section */
		83C3E3DB299200DC0033BCC3 = {
			isa = PBXGroup;
			children = (
				83C3E3E6299200DD0033BCC3 /* MyARApp */,
				83C3E3FD299200DF0033BCC3 /* MyARAppTests */,
				83C3E407299200DF0033BCC3 /* MyARAppUITests */,
				83C3E3E5299200DD0033BCC3 /* Products */,
			);
			sourceTree = "<group>";
		};
		83C3E3E5299200DD0033BCC3 /* Products */ = {
			isa = PBXGroup;
			children = (
				83C3E3E4299200DD0033BCC3 /* MyARApp.app */,
				83C3E3FA299200DF0033BCC3 /* MyARAppTests.xctest */,
				83C3E404299200DF0033BCC3 /* MyARAppUITests.xctest */,
			);
			name = Products;
			sourceTree = "<group>";
		};
		83C3E3E6299200DD0033BCC3 /* MyARApp */ = {
			isa = PBXGroup;
			children = (
				83C3E460299226F00033BCC3 /* art.scnassets */,
				83C3E41D299200FF0033BCC3 /* ARResource.scnassets */,
				83C3E3E7299200DD0033BCC3 /* AppDelegate.swift */,
				83C3E3E9299200DD0033BCC3 /* SceneDelegate.swift */,
				83C3E3EB299200DD0033BCC3 /* ViewController.swift */,
				83C3E3ED299200DD0033BCC3 /* Main.storyboard */,
				83D88A2A29948F94001487F0 /* ARKit+SpriteKit  */,
				83D88A2429948F94001487F0 /* ARKit+SceneKit  */,
				83D88ABB2994DEF0001487F0 /* ARKit+RealityKit */,
				83C3E3F0299200DE0033BCC3 /* Assets.xcassets */,
				83C3E3F2299200DE0033BCC3 /* LaunchScreen.storyboard */,
				83C3E3F5299200DE0033BCC3 /* Info.plist */,
			);
			path = MyARApp;
			sourceTree = "<group>";
		};
		83C3E3FD299200DF0033BCC3 /* MyARAppTests */ = {
			isa = PBXGroup;
			children = (
				83C3E3FE299200DF0033BCC3 /* MyARAppTests.swift */,
			);
			path = MyARAppTests;
			sourceTree = "<group>";
		};
		83C3E407299200DF0033BCC3 /* MyARAppUITests */ = {
			isa = PBXGroup;
			children = (
				83C3E408299200DF0033BCC3 /* MyARAppUITests.swift */,
				83C3E40A299200DF0033BCC3 /* MyARAppUITestsLaunchTests.swift */,
			);
			path = MyARAppUITests;
			sourceTree = "<group>";
		};
		83D88A2429948F94001487F0 /* ARKit+SceneKit  */ = {
			isa = PBXGroup;
			children = (
				83D88A2729948F94001487F0 /* ARSCNVC.swift */,
				83D88A2629948F94001487F0 /* ARSCNVC.xib */,
				83D88A2529948F94001487F0 /* ARSCNVCNew.swift */,
				83D88A2829948F94001487F0 /* ARSCNVCNew.xib */,
			);
			path = "ARKit+SceneKit ";
			sourceTree = "<group>";
		};
		83D88A2A29948F94001487F0 /* ARKit+SpriteKit  */ = {
			isa = PBXGroup;
			children = (
				83D88A2B29948F94001487F0 /* Scene.swift */,
				83D88A2C29948F94001487F0 /* ghost.wav */,
				83D88A2D29948F94001487F0 /* Scene.sks */,
				83D88A2E29948F94001487F0 /* ARSKVC.swift */,
				83D88A2F29948F94001487F0 /* ARSKVC.xib */,
			);
			path = "ARKit+SpriteKit ";
			sourceTree = "<group>";
		};
		83D88ABB2994DEF0001487F0 /* ARKit+RealityKit */ = {
			isa = PBXGroup;
			children = (
				83D88ABC2994DEF0001487F0 /* RealityKitVC.swift */,
				83D88ACA2994E091001487F0 /* ContainerCube.swift */,
				83D88AD82994E091001487F0 /* ControlsParent.swift */,
				83D88ADF2994E091001487F0 /* ViewController+RealityControls.swift */,
				83D88AE02994E091001487F0 /* Entity+Extensions.swift */,
				83D88ABE2994E091001487F0 /* RealityUI */,
			);
			path = "ARKit+RealityKit";
			sourceTree = "<group>";
		};
		83D88ABE2994E091001487F0 /* RealityUI */ = {
			isa = PBXGroup;
			children = (
				83D88ACB2994E091001487F0 /* Sources */,
				83D88AD92994E091001487F0 /* .swiftpm */,
				83D88AE12994E091001487F0 /* media */,
			);
			name = RealityUI;
			path = MyARApp/RealityUI;
			sourceTree = SOURCE_ROOT;
		};
		83D88ACB2994E091001487F0 /* Sources */ = {
			isa = PBXGroup;
			children = (
				83D88ACC2994E091001487F0 /* RealityUI */,
			);
			path = Sources;
			sourceTree = "<group>";
		};
		83D88ACC2994E091001487F0 /* RealityUI */ = {
			isa = PBXGroup;
			children = (
				83D88ACD2994E091001487F0 /* RUILongTouchGestureRecognizer.swift */,
				83D88ACE2994E091001487F0 /* RUIButton.swift */,
				83D88ACF2994E091001487F0 /* RUISlider.swift */,
				83D88AD02994E091001487F0 /* HasRUI.swift */,
				83D88AD12994E091001487F0 /* RUISwitch.swift */,
				83D88AD22994E091001487F0 /* HasClick.swift */,
				83D88AD32994E091001487F0 /* RUIText.swift */,
				83D88AD42994E091001487F0 /* RUIStepper.swift */,
				83D88AD52994E091001487F0 /* RUIAnimations.swift */,
				83D88AD62994E091001487F0 /* HasTurnTouch.swift */,
				83D88AD72994E091001487F0 /* RealityUI.swift */,
			);
			path = RealityUI;
			sourceTree = "<group>";
		};
		83D88AD92994E091001487F0 /* .swiftpm */ = {
			isa = PBXGroup;
			children = (
				83D88ADA2994E091001487F0 /* xcode */,
			);
			path = .swiftpm;
			sourceTree = "<group>";
		};
		83D88ADA2994E091001487F0 /* xcode */ = {
			isa = PBXGroup;
			children = (
				83D88ADB2994E091001487F0 /* xcuserdata */,
			);
			path = xcode;
			sourceTree = "<group>";
		};
		83D88ADB2994E091001487F0 /* xcuserdata */ = {
			isa = PBXGroup;
			children = (
				83D88ADC2994E091001487F0 /* pengrui.xcuserdatad */,
			);
			path = xcuserdata;
			sourceTree = "<group>";
		};
		83D88ADC2994E091001487F0 /* pengrui.xcuserdatad */ = {
			isa = PBXGroup;
			children = (
				83D88ADD2994E091001487F0 /* xcschemes */,
			);
			path = pengrui.xcuserdatad;
			sourceTree = "<group>";
		};
		83D88ADD2994E091001487F0 /* xcschemes */ = {
			isa = PBXGroup;
			children = (
				83D88ADE2994E091001487F0 /* xcschememanagement.plist */,
			);
			path = xcschemes;
			sourceTree = "<group>";
		};
		83D88AE12994E091001487F0 /* media */ = {
			isa = PBXGroup;
			children = (
				83D88AE22994E091001487F0 /* button_light.gif */,
				83D88AE32994E091001487F0 /* RUIShake_phone_example.gif */,
				83D88AE42994E091001487F0 /* RealityUI_pivot_key.gif */,
				83D88AE52994E091001487F0 /* slider_light.gif */,
				83D88AE62994E091001487F0 /* RUISpin_star_example.gif */,
				83D88AE72994E091001487F0 /* switches_combined.gif */,
				83D88AE82994E091001487F0 /* RUIText_hello_example.gif */,
				83D88AE92994E091001487F0 /* stepper_light.gif */,
				83D88AEA2994E091001487F0 /* RUIText_symbols_example.gif */,
				83D88AEB2994E091001487F0 /* realityui_banner.gif */,
			);
			path = media;
			sourceTree = "<group>";
		};
/* End PBXGroup section */

/* Begin PBXNativeTarget section */
		83C3E3E3299200DD0033BCC3 /* MyARApp */ = {
			isa = PBXNativeTarget;
			buildConfigurationList = 83C3E40E299200DF0033BCC3 /* Build configuration list for PBXNativeTarget "MyARApp" */;
			buildPhases = (
				83C3E3E0299200DD0033BCC3 /* Sources */,
				83C3E3E1299200DD0033BCC3 /* Frameworks */,
				83C3E3E2299200DD0033BCC3 /* Resources */,
			);
			buildRules = (
			);
			dependencies = (
			);
			name = MyARApp;
			productName = MyARApp;
			productReference = 83C3E3E4299200DD0033BCC3 /* MyARApp.app */;
			productType = "com.apple.product-type.application";
		};
		83C3E3F9299200DF0033BCC3 /* MyARAppTests */ = {
			isa = PBXNativeTarget;
			buildConfigurationList = 83C3E411299200DF0033BCC3 /* Build configuration list for PBXNativeTarget "MyARAppTests" */;
			buildPhases = (
				83C3E3F6299200DF0033BCC3 /* Sources */,
				83C3E3F7299200DF0033BCC3 /* Frameworks */,
				83C3E3F8299200DF0033BCC3 /* Resources */,
			);
			buildRules = (
			);
			dependencies = (
				83C3E3FC299200DF0033BCC3 /* PBXTargetDependency */,
			);
			name = MyARAppTests;
			productName = MyARAppTests;
			productReference = 83C3E3FA299200DF0033BCC3 /* MyARAppTests.xctest */;
			productType = "com.apple.product-type.bundle.unit-test";
		};
		83C3E403299200DF0033BCC3 /* MyARAppUITests */ = {
			isa = PBXNativeTarget;
			buildConfigurationList = 83C3E414299200DF0033BCC3 /* Build configuration list for PBXNativeTarget "MyARAppUITests" */;
			buildPhases = (
				83C3E400299200DF0033BCC3 /* Sources */,
				83C3E401299200DF0033BCC3 /* Frameworks */,
				83C3E402299200DF0033BCC3 /* Resources */,
			);
			buildRules = (
			);
			dependencies = (
				83C3E406299200DF0033BCC3 /* PBXTargetDependency */,
			);
			name = MyARAppUITests;
			productName = MyARAppUITests;
			productReference = 83C3E404299200DF0033BCC3 /* MyARAppUITests.xctest */;
			productType = "com.apple.product-type.bundle.ui-testing";
		};
/* End PBXNativeTarget section */

/* Begin PBXProject section */
		83C3E3DC299200DC0033BCC3 /* Project object */ = {
			isa = PBXProject;
			attributes = {
				BuildIndependentTargetsInParallel = 1;
				LastSwiftUpdateCheck = 1340;
				LastUpgradeCheck = 1340;
				TargetAttributes = {
					83C3E3E3299200DD0033BCC3 = {
						CreatedOnToolsVersion = 13.4.1;
					};
					83C3E3F9299200DF0033BCC3 = {
						CreatedOnToolsVersion = 13.4.1;
						TestTargetID = 83C3E3E3299200DD0033BCC3;
					};
					83C3E403299200DF0033BCC3 = {
						CreatedOnToolsVersion = 13.4.1;
						TestTargetID = 83C3E3E3299200DD0033BCC3;
					};
				};
			};
			buildConfigurationList = 83C3E3DF299200DC0033BCC3 /* Build configuration list for PBXProject "MyARApp" */;
			compatibilityVersion = "Xcode 13.0";
			developmentRegion = en;
			hasScannedForEncodings = 0;
			knownRegions = (
				en,
				Base,
			);
			mainGroup = 83C3E3DB299200DC0033BCC3;
			productRefGroup = 83C3E3E5299200DD0033BCC3 /* Products */;
			projectDirPath = "";
			projectRoot = "";
			targets = (
				83C3E3E3299200DD0033BCC3 /* MyARApp */,
				83C3E3F9299200DF0033BCC3 /* MyARAppTests */,
				83C3E403299200DF0033BCC3 /* MyARAppUITests */,
			);
		};
/* End PBXProject section */

/* Begin PBXResourcesBuildPhase section */
		83C3E3E2299200DD0033BCC3 /* Resources */ = {
			isa = PBXResourcesBuildPhase;
			buildActionMask = 2147483647;
			files = (
				83D88B072994E091001487F0 /* RealityUI_pivot_key.gif in Resources */,
				83C3E3F4299200DE0033BCC3 /* LaunchScreen.storyboard in Resources */,
				83C3E461299226F00033BCC3 /* art.scnassets in Resources */,
				83D88B0E2994E091001487F0 /* realityui_banner.gif in Resources */,
				83D88A3529948F94001487F0 /* ghost.wav in Resources */,
				83D88B052994E091001487F0 /* button_light.gif in Resources */,
				83D88A3329948F94001487F0 /* ARSCNVCNew.xib in Resources */,
				83D88B0B2994E091001487F0 /* RUIText_hello_example.gif in Resources */,
				83D88B0D2994E091001487F0 /* RUIText_symbols_example.gif in Resources */,
				83C3E3F1299200DE0033BCC3 /* Assets.xcassets in Resources */,
				83D88A3829948F94001487F0 /* ARSKVC.xib in Resources */,
				83D88B0A2994E091001487F0 /* switches_combined.gif in Resources */,
				83C3E424299200FF0033BCC3 /* ARResource.scnassets in Resources */,
				83D88A3629948F94001487F0 /* Scene.sks in Resources */,
				83D88B092994E091001487F0 /* RUISpin_star_example.gif in Resources */,
				83D88B0C2994E091001487F0 /* stepper_light.gif in Resources */,
				83D88B082994E091001487F0 /* slider_light.gif in Resources */,
				83D88B022994E091001487F0 /* xcschememanagement.plist in Resources */,
				83D88A3129948F94001487F0 /* ARSCNVC.xib in Resources */,
				83C3E3EF299200DD0033BCC3 /* Main.storyboard in Resources */,
				83D88B062994E091001487F0 /* RUIShake_phone_example.gif in Resources */,
			);
			runOnlyForDeploymentPostprocessing = 0;
		};
		83C3E3F8299200DF0033BCC3 /* Resources */ = {
			isa = PBXResourcesBuildPhase;
			buildActionMask = 2147483647;
			files = (
			);
			runOnlyForDeploymentPostprocessing = 0;
		};
		83C3E402299200DF0033BCC3 /* Resources */ = {
			isa = PBXResourcesBuildPhase;
			buildActionMask = 2147483647;
			files = (
			);
			runOnlyForDeploymentPostprocessing = 0;
		};
/* End PBXResourcesBuildPhase section */

/* Begin PBXSourcesBuildPhase section */
		83C3E3E0299200DD0033BCC3 /* Sources */ = {
			isa = PBXSourcesBuildPhase;
			buildActionMask = 2147483647;
			files = (
				83D88AF82994E091001487F0 /* RUISlider.swift in Sources */,
				83D88B002994E091001487F0 /* RealityUI.swift in Sources */,
				83D88ABD2994DEF1001487F0 /* RealityKitVC.swift in Sources */,
				83D88AFB2994E091001487F0 /* HasClick.swift in Sources */,
				83C3E3EC299200DD0033BCC3 /* ViewController.swift in Sources */,
				83D88AFE2994E091001487F0 /* RUIAnimations.swift in Sources */,
				83D88B042994E091001487F0 /* Entity+Extensions.swift in Sources */,
				83D88AF72994E091001487F0 /* RUIButton.swift in Sources */,
				83D88A3029948F94001487F0 /* ARSCNVCNew.swift in Sources */,
				83D88AFD2994E091001487F0 /* RUIStepper.swift in Sources */,
				83D88A3429948F94001487F0 /* Scene.swift in Sources */,
				83D88AFF2994E091001487F0 /* HasTurnTouch.swift in Sources */,
				83D88B012994E091001487F0 /* ControlsParent.swift in Sources */,
				83D88AF52994E091001487F0 /* ContainerCube.swift in Sources */,
				83C3E3E8299200DD0033BCC3 /* AppDelegate.swift in Sources */,
				83C3E3EA299200DD0033BCC3 /* SceneDelegate.swift in Sources */,
				83D88A3729948F94001487F0 /* ARSKVC.swift in Sources */,
				83D88AFA2994E091001487F0 /* RUISwitch.swift in Sources */,
				83D88AFC2994E091001487F0 /* RUIText.swift in Sources */,
				83D88A3229948F94001487F0 /* ARSCNVC.swift in Sources */,
				83D88AF62994E091001487F0 /* RUILongTouchGestureRecognizer.swift in Sources */,
				83D88B032994E091001487F0 /* ViewController+RealityControls.swift in Sources */,
				83D88AF92994E091001487F0 /* HasRUI.swift in Sources */,
			);
			runOnlyForDeploymentPostprocessing = 0;
		};
		83C3E3F6299200DF0033BCC3 /* Sources */ = {
			isa = PBXSourcesBuildPhase;
			buildActionMask = 2147483647;
			files = (
				83C3E3FF299200DF0033BCC3 /* MyARAppTests.swift in Sources */,
			);
			runOnlyForDeploymentPostprocessing = 0;
		};
		83C3E400299200DF0033BCC3 /* Sources */ = {
			isa = PBXSourcesBuildPhase;
			buildActionMask = 2147483647;
			files = (
				83C3E409299200DF0033BCC3 /* MyARAppUITests.swift in Sources */,
				83C3E40B299200DF0033BCC3 /* MyARAppUITestsLaunchTests.swift in Sources */,
			);
			runOnlyForDeploymentPostprocessing = 0;
		};
/* End PBXSourcesBuildPhase section */

/* Begin PBXTargetDependency section */
		83C3E3FC299200DF0033BCC3 /* PBXTargetDependency */ = {
			isa = PBXTargetDependency;
			target = 83C3E3E3299200DD0033BCC3 /* MyARApp */;
			targetProxy = 83C3E3FB299200DF0033BCC3 /* PBXContainerItemProxy */;
		};
		83C3E406299200DF0033BCC3 /* PBXTargetDependency */ = {
			isa = PBXTargetDependency;
			target = 83C3E3E3299200DD0033BCC3 /* MyARApp */;
			targetProxy = 83C3E405299200DF0033BCC3 /* PBXContainerItemProxy */;
		};
/* End PBXTargetDependency section */

/* Begin PBXVariantGroup section */
		83C3E3ED299200DD0033BCC3 /* Main.storyboard */ = {
			isa = PBXVariantGroup;
			children = (
				83C3E3EE299200DD0033BCC3 /* Base */,
			);
			name = Main.storyboard;
			sourceTree = "<group>";
		};
		83C3E3F2299200DE0033BCC3 /* LaunchScreen.storyboard */ = {
			isa = PBXVariantGroup;
			children = (
				83C3E3F3299200DE0033BCC3 /* Base */,
			);
			name = LaunchScreen.storyboard;
			sourceTree = "<group>";
		};
/* End PBXVariantGroup section */

/* Begin XCBuildConfiguration section */
		83C3E40C299200DF0033BCC3 /* Debug */ = {
			isa = XCBuildConfiguration;
			buildSettings = {
				ALWAYS_SEARCH_USER_PATHS = NO;
				CLANG_ANALYZER_NONNULL = YES;
				CLANG_ANALYZER_NUMBER_OBJECT_CONVERSION = YES_AGGRESSIVE;
				CLANG_CXX_LANGUAGE_STANDARD = "gnu++17";
				CLANG_ENABLE_MODULES = YES;
				CLANG_ENABLE_OBJC_ARC = YES;
				CLANG_ENABLE_OBJC_WEAK = YES;
				CLANG_WARN_BLOCK_CAPTURE_AUTORELEASING = YES;
				CLANG_WARN_BOOL_CONVERSION = YES;
				CLANG_WARN_COMMA = YES;
				CLANG_WARN_CONSTANT_CONVERSION = YES;
				CLANG_WARN_DEPRECATED_OBJC_IMPLEMENTATIONS = YES;
				CLANG_WARN_DIRECT_OBJC_ISA_USAGE = YES_ERROR;
				CLANG_WARN_DOCUMENTATION_COMMENTS = YES;
				CLANG_WARN_EMPTY_BODY = YES;
				CLANG_WARN_ENUM_CONVERSION = YES;
				CLANG_WARN_INFINITE_RECURSION = YES;
				CLANG_WARN_INT_CONVERSION = YES;
				CLANG_WARN_NON_LITERAL_NULL_CONVERSION = YES;
				CLANG_WARN_OBJC_IMPLICIT_RETAIN_SELF = YES;
				CLANG_WARN_OBJC_LITERAL_CONVERSION = YES;
				CLANG_WARN_OBJC_ROOT_CLASS = YES_ERROR;
				CLANG_WARN_QUOTED_INCLUDE_IN_FRAMEWORK_HEADER = YES;
				CLANG_WARN_RANGE_LOOP_ANALYSIS = YES;
				CLANG_WARN_STRICT_PROTOTYPES = YES;
				CLANG_WARN_SUSPICIOUS_MOVE = YES;
				CLANG_WARN_UNGUARDED_AVAILABILITY = YES_AGGRESSIVE;
				CLANG_WARN_UNREACHABLE_CODE = YES;
				CLANG_WARN__DUPLICATE_METHOD_MATCH = YES;
				COPY_PHASE_STRIP = NO;
				DEBUG_INFORMATION_FORMAT = dwarf;
				ENABLE_STRICT_OBJC_MSGSEND = YES;
				ENABLE_TESTABILITY = YES;
				GCC_C_LANGUAGE_STANDARD = gnu11;
				GCC_DYNAMIC_NO_PIC = NO;
				GCC_NO_COMMON_BLOCKS = YES;
				GCC_OPTIMIZATION_LEVEL = 0;
				GCC_PREPROCESSOR_DEFINITIONS = (
					"DEBUG=1",
					"$(inherited)",
				);
				GCC_WARN_64_TO_32_BIT_CONVERSION = YES;
				GCC_WARN_ABOUT_RETURN_TYPE = YES_ERROR;
				GCC_WARN_UNDECLARED_SELECTOR = YES;
				GCC_WARN_UNINITIALIZED_AUTOS = YES_AGGRESSIVE;
				GCC_WARN_UNUSED_FUNCTION = YES;
				GCC_WARN_UNUSED_VARIABLE = YES;
				IPHONEOS_DEPLOYMENT_TARGET = 15.5;
				MTL_ENABLE_DEBUG_INFO = INCLUDE_SOURCE;
				MTL_FAST_MATH = YES;
				ONLY_ACTIVE_ARCH = YES;
				SDKROOT = iphoneos;
				SWIFT_ACTIVE_COMPILATION_CONDITIONS = DEBUG;
				SWIFT_OPTIMIZATION_LEVEL = "-Onone";
			};
			name = Debug;
		};
		83C3E40D299200DF0033BCC3 /* Release */ = {
			isa = XCBuildConfiguration;
			buildSettings = {
				ALWAYS_SEARCH_USER_PATHS = NO;
				CLANG_ANALYZER_NONNULL = YES;
				CLANG_ANALYZER_NUMBER_OBJECT_CONVERSION = YES_AGGRESSIVE;
				CLANG_CXX_LANGUAGE_STANDARD = "gnu++17";
				CLANG_ENABLE_MODULES = YES;
				CLANG_ENABLE_OBJC_ARC = YES;
				CLANG_ENABLE_OBJC_WEAK = YES;
				CLANG_WARN_BLOCK_CAPTURE_AUTORELEASING = YES;
				CLANG_WARN_BOOL_CONVERSION = YES;
				CLANG_WARN_COMMA = YES;
				CLANG_WARN_CONSTANT_CONVERSION = YES;
				CLANG_WARN_DEPRECATED_OBJC_IMPLEMENTATIONS = YES;
				CLANG_WARN_DIRECT_OBJC_ISA_USAGE = YES_ERROR;
				CLANG_WARN_DOCUMENTATION_COMMENTS = YES;
				CLANG_WARN_EMPTY_BODY = YES;
				CLANG_WARN_ENUM_CONVERSION = YES;
				CLANG_WARN_INFINITE_RECURSION = YES;
				CLANG_WARN_INT_CONVERSION = YES;
				CLANG_WARN_NON_LITERAL_NULL_CONVERSION = YES;
				CLANG_WARN_OBJC_IMPLICIT_RETAIN_SELF = YES;
				CLANG_WARN_OBJC_LITERAL_CONVERSION = YES;
				CLANG_WARN_OBJC_ROOT_CLASS = YES_ERROR;
				CLANG_WARN_QUOTED_INCLUDE_IN_FRAMEWORK_HEADER = YES;
				CLANG_WARN_RANGE_LOOP_ANALYSIS = YES;
				CLANG_WARN_STRICT_PROTOTYPES = YES;
				CLANG_WARN_SUSPICIOUS_MOVE = YES;
				CLANG_WARN_UNGUARDED_AVAILABILITY = YES_AGGRESSIVE;
				CLANG_WARN_UNREACHABLE_CODE = YES;
				CLANG_WARN__DUPLICATE_METHOD_MATCH = YES;
				COPY_PHASE_STRIP = NO;
				DEBUG_INFORMATION_FORMAT = "dwarf-with-dsym";
				ENABLE_NS_ASSERTIONS = NO;
				ENABLE_STRICT_OBJC_MSGSEND = YES;
				GCC_C_LANGUAGE_STANDARD = gnu11;
				GCC_NO_COMMON_BLOCKS = YES;
				GCC_WARN_64_TO_32_BIT_CONVERSION = YES;
				GCC_WARN_ABOUT_RETURN_TYPE = YES_ERROR;
				GCC_WARN_UNDECLARED_SELECTOR = YES;
				GCC_WARN_UNINITIALIZED_AUTOS = YES_AGGRESSIVE;
				GCC_WARN_UNUSED_FUNCTION = YES;
				GCC_WARN_UNUSED_VARIABLE = YES;
				IPHONEOS_DEPLOYMENT_TARGET = 15.5;
				MTL_ENABLE_DEBUG_INFO = NO;
				MTL_FAST_MATH = YES;
				SDKROOT = iphoneos;
				SWIFT_COMPILATION_MODE = wholemodule;
				SWIFT_OPTIMIZATION_LEVEL = "-O";
				VALIDATE_PRODUCT = YES;
			};
			name = Release;
		};
		83C3E40F299200DF0033BCC3 /* Debug */ = {
			isa = XCBuildConfiguration;
			buildSettings = {
				ASSETCATALOG_COMPILER_APPICON_NAME = AppIcon;
				ASSETCATALOG_COMPILER_GLOBAL_ACCENT_COLOR_NAME = AccentColor;
				CODE_SIGN_STYLE = Automatic;
				CURRENT_PROJECT_VERSION = 1;
				DEVELOPMENT_TEAM = J5H3D5KX6M;
				GENERATE_INFOPLIST_FILE = YES;
				INFOPLIST_FILE = MyARApp/Info.plist;
				INFOPLIST_KEY_UIApplicationSupportsIndirectInputEvents = YES;
				INFOPLIST_KEY_UILaunchStoryboardName = LaunchScreen;
				INFOPLIST_KEY_UIMainStoryboardFile = Main;
				INFOPLIST_KEY_UISupportedInterfaceOrientations_iPad = "UIInterfaceOrientationPortrait UIInterfaceOrientationPortraitUpsideDown UIInterfaceOrientationLandscapeLeft UIInterfaceOrientationLandscapeRight";
				INFOPLIST_KEY_UISupportedInterfaceOrientations_iPhone = "UIInterfaceOrientationPortrait UIInterfaceOrientationLandscapeLeft UIInterfaceOrientationLandscapeRight";
				LD_RUNPATH_SEARCH_PATHS = (
					"$(inherited)",
					"@executable_path/Frameworks",
				);
				MARKETING_VERSION = 1.0;
				PRODUCT_BUNDLE_IDENTIFIER = PR.MyARApp;
				PRODUCT_NAME = "$(TARGET_NAME)";
				SWIFT_EMIT_LOC_STRINGS = YES;
				SWIFT_VERSION = 5.0;
				TARGETED_DEVICE_FAMILY = "1,2";
			};
			name = Debug;
		};
		83C3E410299200DF0033BCC3 /* Release */ = {
			isa = XCBuildConfiguration;
			buildSettings = {
				ASSETCATALOG_COMPILER_APPICON_NAME = AppIcon;
				ASSETCATALOG_COMPILER_GLOBAL_ACCENT_COLOR_NAME = AccentColor;
				CODE_SIGN_STYLE = Automatic;
				CURRENT_PROJECT_VERSION = 1;
				DEVELOPMENT_TEAM = J5H3D5KX6M;
				GENERATE_INFOPLIST_FILE = YES;
				INFOPLIST_FILE = MyARApp/Info.plist;
				INFOPLIST_KEY_UIApplicationSupportsIndirectInputEvents = YES;
				INFOPLIST_KEY_UILaunchStoryboardName = LaunchScreen;
				INFOPLIST_KEY_UIMainStoryboardFile = Main;
				INFOPLIST_KEY_UISupportedInterfaceOrientations_iPad = "UIInterfaceOrientationPortrait UIInterfaceOrientationPortraitUpsideDown UIInterfaceOrientationLandscapeLeft UIInterfaceOrientationLandscapeRight";
				INFOPLIST_KEY_UISupportedInterfaceOrientations_iPhone = "UIInterfaceOrientationPortrait UIInterfaceOrientationLandscapeLeft UIInterfaceOrientationLandscapeRight";
				LD_RUNPATH_SEARCH_PATHS = (
					"$(inherited)",
					"@executable_path/Frameworks",
				);
				MARKETING_VERSION = 1.0;
				PRODUCT_BUNDLE_IDENTIFIER = PR.MyARApp;
				PRODUCT_NAME = "$(TARGET_NAME)";
				SWIFT_EMIT_LOC_STRINGS = YES;
				SWIFT_VERSION = 5.0;
				TARGETED_DEVICE_FAMILY = "1,2";
			};
			name = Release;
		};
		83C3E412299200DF0033BCC3 /* Debug */ = {
			isa = XCBuildConfiguration;
			buildSettings = {
				ALWAYS_EMBED_SWIFT_STANDARD_LIBRARIES = YES;
				BUNDLE_LOADER = "$(TEST_HOST)";
				CODE_SIGN_STYLE = Automatic;
				CURRENT_PROJECT_VERSION = 1;
				GENERATE_INFOPLIST_FILE = YES;
				IPHONEOS_DEPLOYMENT_TARGET = 15.5;
				MARKETING_VERSION = 1.0;
				PRODUCT_BUNDLE_IDENTIFIER = PR.MyARAppTests;
				PRODUCT_NAME = "$(TARGET_NAME)";
				SWIFT_EMIT_LOC_STRINGS = NO;
				SWIFT_VERSION = 5.0;
				TARGETED_DEVICE_FAMILY = "1,2";
				TEST_HOST = "$(BUILT_PRODUCTS_DIR)/MyARApp.app/MyARApp";
			};
			name = Debug;
		};
		83C3E413299200DF0033BCC3 /* Release */ = {
			isa = XCBuildConfiguration;
			buildSettings = {
				ALWAYS_EMBED_SWIFT_STANDARD_LIBRARIES = YES;
				BUNDLE_LOADER = "$(TEST_HOST)";
				CODE_SIGN_STYLE = Automatic;
				CURRENT_PROJECT_VERSION = 1;
				GENERATE_INFOPLIST_FILE = YES;
				IPHONEOS_DEPLOYMENT_TARGET = 15.5;
				MARKETING_VERSION = 1.0;
				PRODUCT_BUNDLE_IDENTIFIER = PR.MyARAppTests;
				PRODUCT_NAME = "$(TARGET_NAME)";
				SWIFT_EMIT_LOC_STRINGS = NO;
				SWIFT_VERSION = 5.0;
				TARGETED_DEVICE_FAMILY = "1,2";
				TEST_HOST = "$(BUILT_PRODUCTS_DIR)/MyARApp.app/MyARApp";
			};
			name = Release;
		};
		83C3E415299200DF0033BCC3 /* Debug */ = {
			isa = XCBuildConfiguration;
			buildSettings = {
				ALWAYS_EMBED_SWIFT_STANDARD_LIBRARIES = YES;
				CODE_SIGN_STYLE = Automatic;
				CURRENT_PROJECT_VERSION = 1;
				GENERATE_INFOPLIST_FILE = YES;
				MARKETING_VERSION = 1.0;
				PRODUCT_BUNDLE_IDENTIFIER = PR.MyARAppUITests;
				PRODUCT_NAME = "$(TARGET_NAME)";
				SWIFT_EMIT_LOC_STRINGS = NO;
				SWIFT_VERSION = 5.0;
				TARGETED_DEVICE_FAMILY = "1,2";
				TEST_TARGET_NAME = MyARApp;
			};
			name = Debug;
		};
		83C3E416299200DF0033BCC3 /* Release */ = {
			isa = XCBuildConfiguration;
			buildSettings = {
				ALWAYS_EMBED_SWIFT_STANDARD_LIBRARIES = YES;
				CODE_SIGN_STYLE = Automatic;
				CURRENT_PROJECT_VERSION = 1;
				GENERATE_INFOPLIST_FILE = YES;
				MARKETING_VERSION = 1.0;
				PRODUCT_BUNDLE_IDENTIFIER = PR.MyARAppUITests;
				PRODUCT_NAME = "$(TARGET_NAME)";
				SWIFT_EMIT_LOC_STRINGS = NO;
				SWIFT_VERSION = 5.0;
				TARGETED_DEVICE_FAMILY = "1,2";
				TEST_TARGET_NAME = MyARApp;
			};
			name = Release;
		};
/* End XCBuildConfiguration section */

/* Begin XCConfigurationList section */
		83C3E3DF299200DC0033BCC3 /* Build configuration list for PBXProject "MyARApp" */ = {
			isa = XCConfigurationList;
			buildConfigurations = (
				83C3E40C299200DF0033BCC3 /* Debug */,
				83C3E40D299200DF0033BCC3 /* Release */,
			);
			defaultConfigurationIsVisible = 0;
			defaultConfigurationName = Release;
		};
		83C3E40E299200DF0033BCC3 /* Build configuration list for PBXNativeTarget "MyARApp" */ = {
			isa = XCConfigurationList;
			buildConfigurations = (
				83C3E40F299200DF0033BCC3 /* Debug */,
				83C3E410299200DF0033BCC3 /* Release */,
			);
			defaultConfigurationIsVisible = 0;
			defaultConfigurationName = Release;
		};
		83C3E411299200DF0033BCC3 /* Build configuration list for PBXNativeTarget "MyARAppTests" */ = {
			isa = XCConfigurationList;
			buildConfigurations = (
				83C3E412299200DF0033BCC3 /* Debug */,
				83C3E413299200DF0033BCC3 /* Release */,
			);
			defaultConfigurationIsVisible = 0;
			defaultConfigurationName = Release;
		};
		83C3E414299200DF0033BCC3 /* Build configuration list for PBXNativeTarget "MyARAppUITests" */ = {
			isa = XCConfigurationList;
			buildConfigurations = (
				83C3E415299200DF0033BCC3 /* Debug */,
				83C3E416299200DF0033BCC3 /* Release */,
			);
			defaultConfigurationIsVisible = 0;
			defaultConfigurationName = Release;
		};
/* End XCConfigurationList section */
	};
	rootObject = 83C3E3DC299200DC0033BCC3 /* Project object */;
}
